
Microsoft Visual Studio Solution File, Format Version 12.00
# Visual Studio Version 17
VisualStudioVersion = 17.14.36212.18
MinimumVisualStudioVersion = 10.0.40219.1
Project("{2150E333-8FDC-42A3-9474-1A3956D46DE8}") = "src", "src", "{02EA681E-C7D8-13C7-8484-4AC65E1B71E8}"
EndProject
Project("{FAE04EC0-301F-11D3-BF4B-00C04F79EFBC}") = "ShoppingCart.API", "src\ShoppingCart.API\ShoppingCart.API.csproj", "{514D157E-EAF1-47AE-B53C-00E4AFEFFE89}"
EndProject
Project("{FAE04EC0-301F-11D3-BF4B-00C04F79EFBC}") = "ShoppingCart.Applicaton", "src\ShoppingCart.Applicaton\ShoppingCart.Applicaton.csproj", "{B64E4E64-B668-4B19-B3D9-C6A3889E4D9C}"
EndProject
Project("{FAE04EC0-301F-11D3-BF4B-00C04F79EFBC}") = "ShoppingCart.Domain", "src\ShoppingCart.Domain\ShoppingCart.Domain.csproj", "{FAC70C04-9F8B-4928-8254-5D6C0219E90C}"
EndProject
Project("{FAE04EC0-301F-11D3-BF4B-00C04F79EFBC}") = "ShoppingCart.Infrastructure", "src\ShoppingCart.Infrastructure\ShoppingCart.Infrastructure.csproj", "{F099908D-CE80-4FF8-934B-4710C6244CA5}"
EndProject
Project("{E53339B2-1760-4266-BCC7-CA923CBCF16C}") = "docker-compose", "docker-compose.dcproj", "{81DDED9D-158B-E303-5F62-77A2896D2A5A}"
EndProject
Global
	GlobalSection(SolutionConfigurationPlatforms) = preSolution
		Debug|Any CPU = Debug|Any CPU
		Release|Any CPU = Release|Any CPU
	EndGlobalSection
	GlobalSection(ProjectConfigurationPlatforms) = postSolution
		{514D157E-EAF1-47AE-B53C-00E4AFEFFE89}.Debug|Any CPU.ActiveCfg = Debug|Any CPU
		{514D157E-EAF1-47AE-B53C-00E4AFEFFE89}.Debug|Any CPU.Build.0 = Debug|Any CPU
		{514D157E-EAF1-47AE-B53C-00E4AFEFFE89}.Release|Any CPU.ActiveCfg = Release|Any CPU
		{514D157E-EAF1-47AE-B53C-00E4AFEFFE89}.Release|Any CPU.Build.0 = Release|Any CPU
		{B64E4E64-B668-4B19-B3D9-C6A3889E4D9C}.Debug|Any CPU.ActiveCfg = Debug|Any CPU
		{B64E4E64-B668-4B19-B3D9-C6A3889E4D9C}.Debug|Any CPU.Build.0 = Debug|Any CPU
		{B64E4E64-B668-4B19-B3D9-C6A3889E4D9C}.Release|Any CPU.ActiveCfg = Release|Any CPU
		{B64E4E64-B668-4B19-B3D9-C6A3889E4D9C}.Release|Any CPU.Build.0 = Release|Any CPU
		{FAC70C04-9F8B-4928-8254-5D6C0219E90C}.Debug|Any CPU.ActiveCfg = Debug|Any CPU
		{FAC70C04-9F8B-4928-8254-5D6C0219E90C}.Debug|Any CPU.Build.0 = Debug|Any CPU
		{FAC70C04-9F8B-4928-8254-5D6C0219E90C}.Release|Any CPU.ActiveCfg = Release|Any CPU
		{FAC70C04-9F8B-4928-8254-5D6C0219E90C}.Release|Any CPU.Build.0 = Release|Any CPU
		{F099908D-CE80-4FF8-934B-4710C6244CA5}.Debug|Any CPU.ActiveCfg = Debug|Any CPU
		{F099908D-CE80-4FF8-934B-4710C6244CA5}.Debug|Any CPU.Build.0 = Debug|Any CPU
		{F099908D-CE80-4FF8-934B-4710C6244CA5}.Release|Any CPU.ActiveCfg = Release|Any CPU
		{F099908D-CE80-4FF8-934B-4710C6244CA5}.Release|Any CPU.Build.0 = Release|Any CPU
		{81DDED9D-158B-E303-5F62-77A2896D2A5A}.Debug|Any CPU.ActiveCfg = Debug|Any CPU
		{81DDED9D-158B-E303-5F62-77A2896D2A5A}.Debug|Any CPU.Build.0 = Debug|Any CPU
		{81DDED9D-158B-E303-5F62-77A2896D2A5A}.Release|Any CPU.ActiveCfg = Release|Any CPU
		{81DDED9D-158B-E303-5F62-77A2896D2A5A}.Release|Any CPU.Build.0 = Release|Any CPU
	EndGlobalSection
	GlobalSection(SolutionProperties) = preSolution
		HideSolutionNode = FALSE
	EndGlobalSection
	GlobalSection(NestedProjects) = preSolution
		{514D157E-EAF1-47AE-B53C-00E4AFEFFE89} = {02EA681E-C7D8-13C7-8484-4AC65E1B71E8}
		{B64E4E64-B668-4B19-B3D9-C6A3889E4D9C} = {02EA681E-C7D8-13C7-8484-4AC65E1B71E8}
		{FAC70C04-9F8B-4928-8254-5D6C0219E90C} = {02EA681E-C7D8-13C7-8484-4AC65E1B71E8}
		{F099908D-CE80-4FF8-934B-4710C6244CA5} = {02EA681E-C7D8-13C7-8484-4AC65E1B71E8}
	EndGlobalSection
	GlobalSection(ExtensibilityGlobals) = postSolution
		SolutionGuid = {A3E2E5BE-771B-4E16-BFFF-DF01473C2B3B}
	EndGlobalSection
EndGlobal
